# THIS IS AN AUTOGENERATED FILE. DO NOT EDIT THIS FILE DIRECTLY.
# yarn lockfile v1


"@telegraf/types@^6.9.1":
  version "6.9.1"
  resolved "https://registry.npmjs.org/@telegraf/types/-/types-6.9.1.tgz"
  integrity sha512-bzqwhicZq401T0e09tu8b1KvGfJObPmzKU/iKCT5V466AsAZZWQrBYQ5edbmD1VZuHLEwopoOVY5wPP4HaLtug==

abort-controller@^3.0.0:
  version "3.0.0"
  resolved "https://registry.npmjs.org/abort-controller/-/abort-controller-3.0.0.tgz"
  integrity sha512-h8lQ8tacZYnR3vNQTgibj+tODHI5/+l06Au2Pcriv/Gmet0eaj4TwWH41sO9wnHDiQsEj19q0drzdWdeAHtweg==
  dependencies:
    event-target-shim "^5.0.0"

accept@2.x.x:
  version "2.1.4"
  resolved "https://registry.npmjs.org/accept/-/accept-2.1.4.tgz"
  integrity sha512-nD5Js+vxFQPKbWhp2cjknHS0XMbtW7gvzWZn7r/EEA01WYfitHMgv8SB696J8K3GlNld+0EKpH/0WDFNfJUijQ==
  dependencies:
    boom "5.x.x"
    hoek "4.x.x"

ammo@2.x.x:
  version "2.0.4"
  resolved "https://registry.npmjs.org/ammo/-/ammo-2.0.4.tgz"
  integrity sha512-0FBaPg1Uk6tKQb6s0PHg83pSgk8Cx12TrVrR3Yn8Rq5K5WslMOq9vwhbXyzcN8Ti1zCRR9hpCpuIyX4RR4Ej1w==
  dependencies:
    boom "5.x.x"
    hoek "4.x.x"

ansi-regex@^2.0.0:
  version "2.1.1"
  resolved "https://registry.npmjs.org/ansi-regex/-/ansi-regex-2.1.1.tgz"
  integrity sha512-TIGnTpdo+E3+pCyAluZvtED5p5wCqLdezCyhPZzKPcxvFplEt4i+W7OONCKgeZFT3+y5NZZfOOS/Bdcanm1MYA==

ansi-styles@^2.2.1:
  version "2.2.1"
  resolved "https://registry.npmjs.org/ansi-styles/-/ansi-styles-2.2.1.tgz"
  integrity sha512-kmCevFghRiWM7HB5zTPULl4r9bVFSWjz62MhqizDGUrq2NWuNMQyuv4tHHoKJHs69M/MF64lEcHdYIocrdWQYA==

assertion-error@^1.0.1:
  version "1.1.0"
  resolved "https://registry.npmjs.org/assertion-error/-/assertion-error-1.1.0.tgz"
  integrity sha512-jgsaNduz+ndvGyFt3uSuWqvy4lCnIJiovtouQN5JZHOKCS2QuhEdbcQHFhVksz2N2U9hXJo8odG7ETyWlEeuDw==

aws-sdk@^2.208.0, aws-sdk@^2.7.0:
  version "2.209.0"
  resolved "https://registry.npmjs.org/aws-sdk/-/aws-sdk-2.209.0.tgz"
  integrity sha512-oc0TXaPy8JHfhCsaLzPlHqQwtsC0/KgZktBcLrBq3K4vBNzFwkYrDGS5b0xh3g1CtrP4+SEssnQNDxUnaOHbGg==
  dependencies:
    buffer "4.9.1"
    events "^1.1.1"
    jmespath "0.15.0"
    querystring "0.2.0"
    sax "1.2.1"
    url "0.10.3"
    uuid "3.1.0"
    xml2js "0.4.17"
    xmlbuilder "4.2.1"

b64@3.x.x:
  version "3.0.3"
  resolved "https://registry.npmjs.org/b64/-/b64-3.0.3.tgz"
  integrity sha512-Pbeh0i6OLubPJdIdCepn8ZQHwN2MWznZHbHABSTEfQ706ie+yuxNSaPdqX1xRatT6WanaS1EazMiSg0NUW2XxQ==

babel-code-frame@^6.26.0:
  version "6.26.0"
  resolved "https://registry.npmjs.org/babel-code-frame/-/babel-code-frame-6.26.0.tgz"
  integrity sha512-XqYMR2dfdGMW+hd0IUZ2PwK+fGeFkOxZJ0wY+JaQAHzt1Zx8LcvpiZD2NiGkEG8qx0CfkAOr5xt76d1e8vG90g==
  dependencies:
    chalk "^1.1.3"
    esutils "^2.0.2"
    js-tokens "^3.0.2"

babel-core@^6.26.0:
  version "6.26.0"
  resolved "https://registry.npmjs.org/babel-core/-/babel-core-6.26.0.tgz"
  integrity sha512-FSiqfr4SYrH5Zv5KgWahyY99VC+Aod1ioMRNvL1lPS4WTUqvPAdYo7ioWEhDHEDqZADapbJZMX0sBuRsc93bDQ==
  dependencies:
    babel-code-frame "^6.26.0"
    babel-generator "^6.26.0"
    babel-helpers "^6.24.1"
    babel-messages "^6.23.0"
    babel-register "^6.26.0"
    babel-runtime "^6.26.0"
    babel-template "^6.26.0"
    babel-traverse "^6.26.0"
    babel-types "^6.26.0"
    babylon "^6.18.0"
    convert-source-map "^1.5.0"
    debug "^2.6.8"
    json5 "^0.5.1"
    lodash "^4.17.4"
    minimatch "^3.0.4"
    path-is-absolute "^1.0.1"
    private "^0.1.7"
    slash "^1.0.0"
    source-map "^0.5.6"

babel-generator@^6.26.0:
  version "6.26.1"
  resolved "https://registry.npmjs.org/babel-generator/-/babel-generator-6.26.1.tgz"
  integrity sha512-HyfwY6ApZj7BYTcJURpM5tznulaBvyio7/0d4zFOeMPUmfxkCjHocCuoLa2SAGzBI8AREcH3eP3758F672DppA==
  dependencies:
    babel-messages "^6.23.0"
    babel-runtime "^6.26.0"
    babel-types "^6.26.0"
    detect-indent "^4.0.0"
    jsesc "^1.3.0"
    lodash "^4.17.4"
    source-map "^0.5.7"
    trim-right "^1.0.1"

babel-helpers@^6.24.1:
  version "6.24.1"
  resolved "https://registry.npmjs.org/babel-helpers/-/babel-helpers-6.24.1.tgz"
  integrity sha512-n7pFrqQm44TCYvrCDb0MqabAF+JUBq+ijBvNMUxpkLjJaAu32faIexewMumrH5KLLJ1HDyT0PTEqRyAe/GwwuQ==
  dependencies:
    babel-runtime "^6.22.0"
    babel-template "^6.24.1"

babel-messages@^6.23.0:
  version "6.23.0"
  resolved "https://registry.npmjs.org/babel-messages/-/babel-messages-6.23.0.tgz"
  integrity sha512-Bl3ZiA+LjqaMtNYopA9TYE9HP1tQ+E5dLxE0XrAzcIJeK2UqF0/EaqXwBn9esd4UmTfEab+P+UYQ1GnioFIb/w==
  dependencies:
    babel-runtime "^6.22.0"

babel-register@^6.18.0, babel-register@^6.26.0:
  version "6.26.0"
  resolved "https://registry.npmjs.org/babel-register/-/babel-register-6.26.0.tgz"
  integrity sha512-veliHlHX06wjaeY8xNITbveXSiI+ASFnOqvne/LaIJIqOWi2Ogmj91KOugEz/hoh/fwMhXNBJPCv8Xaz5CyM4A==
  dependencies:
    babel-core "^6.26.0"
    babel-runtime "^6.26.0"
    core-js "^2.5.0"
    home-or-tmp "^2.0.0"
    lodash "^4.17.4"
    mkdirp "^0.5.1"
    source-map-support "^0.4.15"

babel-runtime@^6.22.0, babel-runtime@^6.26.0:
  version "6.26.0"
  resolved "https://registry.npmjs.org/babel-runtime/-/babel-runtime-6.26.0.tgz"
  integrity sha512-ITKNuq2wKlW1fJg9sSW52eepoYgZBggvOAHC0u/CYu/qxQ9EVzThCgR69BnSXLHjy2f7SY5zaQ4yt7H9ZVxY2g==
  dependencies:
    core-js "^2.4.0"
    regenerator-runtime "^0.11.0"

babel-template@^6.24.1, babel-template@^6.26.0:
  version "6.26.0"
  resolved "https://registry.npmjs.org/babel-template/-/babel-template-6.26.0.tgz"
  integrity sha512-PCOcLFW7/eazGUKIoqH97sO9A2UYMahsn/yRQ7uOk37iutwjq7ODtcTNF+iFDSHNfkctqsLRjLP7URnOx0T1fg==
  dependencies:
    babel-runtime "^6.26.0"
    babel-traverse "^6.26.0"
    babel-types "^6.26.0"
    babylon "^6.18.0"
    lodash "^4.17.4"

babel-traverse@^6.26.0:
  version "6.26.0"
  resolved "https://registry.npmjs.org/babel-traverse/-/babel-traverse-6.26.0.tgz"
  integrity sha512-iSxeXx7apsjCHe9c7n8VtRXGzI2Bk1rBSOJgCCjfyXb6v1aCqE1KSEpq/8SXuVN8Ka/Rh1WDTF0MDzkvTA4MIA==
  dependencies:
    babel-code-frame "^6.26.0"
    babel-messages "^6.23.0"
    babel-runtime "^6.26.0"
    babel-types "^6.26.0"
    babylon "^6.18.0"
    debug "^2.6.8"
    globals "^9.18.0"
    invariant "^2.2.2"
    lodash "^4.17.4"

babel-types@^6.26.0:
  version "6.26.0"
  resolved "https://registry.npmjs.org/babel-types/-/babel-types-6.26.0.tgz"
  integrity sha512-zhe3V/26rCWsEZK8kZN+HaQj5yQ1CilTObixFzKW1UWjqG7618Twz6YEsCnjfg5gBcJh02DrpCkS9h98ZqDY+g==
  dependencies:
    babel-runtime "^6.26.0"
    esutils "^2.0.2"
    lodash "^4.17.4"
    to-fast-properties "^1.0.3"

babylon@^6.18.0:
  version "6.18.0"
  resolved "https://registry.npmjs.org/babylon/-/babylon-6.18.0.tgz"
  integrity sha512-q/UEjfGJ2Cm3oKV71DJz9d25TPnq5rhBVL2Q4fA5wcC3jcrdn7+SssEybFIxwAvvP+YCsCYNKughoF33GxgycQ==

balanced-match@^1.0.0:
  version "1.0.0"
  resolved "https://registry.npmjs.org/balanced-match/-/balanced-match-1.0.0.tgz"
  integrity sha512-9Y0g0Q8rmSt+H33DfKv7FOc3v+iRI+o1lbzt8jGcIosYW37IIW/2XVYq5NPdmaD5NQ59Nk26Kl/vZbwW9Fr8vg==

base64-js@^1.0.2:
  version "1.2.3"
  resolved "https://registry.npmjs.org/base64-js/-/base64-js-1.2.3.tgz"
  integrity sha512-MsAhsUW1GxCdgYSO6tAfZrNapmUKk7mWx/k5mFY/A1gBtkaCaNapTg+FExCw1r9yeaZhqx/xPg43xgTFH6KL5w==

base64url@^2.0.0, base64url@2.0.0:
  version "2.0.0"
  resolved "https://registry.npmjs.org/base64url/-/base64url-2.0.0.tgz"
  integrity sha512-udc4PeFuYpYAg8XbWZ3pcFXlyT42CqTGozT1xNApY+KWp2+FuyJg9bvp+zR+q9XnuPy4tt6B4+MuXw2dYo4l7A==

block-stream@*:
  version "0.0.9"
  resolved "https://registry.npmjs.org/block-stream/-/block-stream-0.0.9.tgz"
  integrity sha512-OorbnJVPII4DuUKbjARAe8u8EfqOmkEEaSFIyoQ7OjTHn6kafxWl0wLgoZ2rXaYd7MyLcDaU4TmhfxtwgcccMQ==
  dependencies:
    inherits "~2.0.0"

bluebird@^3.4.6:
  version "3.5.1"
  resolved "https://registry.npmjs.org/bluebird/-/bluebird-3.5.1.tgz"
  integrity sha512-MKiLiV+I1AA596t9w1sQJ8jkiSr5+ZKi0WKrYGUn6d1Fx+Ij4tIj+m2WMQSGczs5jZVxV339chE8iwk6F64wjA==

boom@^4.2.0, boom@4.x.x:
  version "4.3.1"
  resolved "https://registry.npmjs.org/boom/-/boom-4.3.1.tgz"
  integrity sha512-FA8ZqcHBLjyFCPns8EsFTWxARi8iKzLfl3vXS1n1O6mlUpZvjXg9E+0Ys8mh7k/s8mHVpROgeoUmz4HadhPhAQ==
  dependencies:
    hoek "4.x.x"

boom@3.x.x:
  version "3.2.2"
  resolved "https://registry.npmjs.org/boom/-/boom-3.2.2.tgz"
  integrity sha512-yQ2/XD/jDLDwhWMX4Pl/fGhkRaNqHwJZ8wsGsEvj9QufQuvDr/BX9jvZrIqzs8OTDnHc9QY/iTn7XJ9Y+HvFHg==
  dependencies:
    hoek "4.x.x"

boom@3.X.X:
  version "3.2.2"
  resolved "https://registry.npmjs.org/boom/-/boom-3.2.2.tgz"
  integrity sha512-yQ2/XD/jDLDwhWMX4Pl/fGhkRaNqHwJZ8wsGsEvj9QufQuvDr/BX9jvZrIqzs8OTDnHc9QY/iTn7XJ9Y+HvFHg==
  dependencies:
    hoek "4.x.x"

boom@5.x.x:
  version "5.2.0"
  resolved "https://registry.npmjs.org/boom/-/boom-5.2.0.tgz"
  integrity sha512-Z5BTk6ZRe4tXXQlkqftmsAUANpXmuwlsF5Oov8ThoMbQRzdGTA1ngYRW160GexgOgjsFOKJz0LYhoNi+2AMBUw==
  dependencies:
    hoek "4.x.x"

brace-expansion@^1.1.7:
  version "1.1.11"
  resolved "https://registry.npmjs.org/brace-expansion/-/brace-expansion-1.1.11.tgz"
  integrity sha512-iCuPHDFgrHX7H2vEI/5xpz07zSHB00TpugqhmYtVmMO6518mCuRMoOYFldEBl0g187ufozdaHgWKcYFb61qGiA==
  dependencies:
    balanced-match "^1.0.0"
    concat-map "0.0.1"

browser-stdout@1.3.1:
  version "1.3.1"
  resolved "https://registry.npmjs.org/browser-stdout/-/browser-stdout-1.3.1.tgz"
  integrity sha512-qhAVI1+Av2X7qelOfAIYwXONood6XlZE/fXaBSmW/T5SzLAmCgzi+eiWE7fUvbHaeNBQH13UftjpXxsfLkMpgw==

buffer-alloc-unsafe@^1.1.0:
  version "1.1.0"
  resolved "https://registry.npmjs.org/buffer-alloc-unsafe/-/buffer-alloc-unsafe-1.1.0.tgz"
  integrity sha512-TEM2iMIEQdJ2yjPJoSIsldnleVaAk1oW3DBVUykyOLsEsFmEc9kn+SFFPz+gl54KQNxlDnAwCXosOS9Okx2xAg==

buffer-alloc@^1.2.0:
  version "1.2.0"
  resolved "https://registry.npmjs.org/buffer-alloc/-/buffer-alloc-1.2.0.tgz"
  integrity sha512-CFsHQgjtW1UChdXgbyJGtnm+O/uLQeZdtbDo8mfUgYXCHSM1wgrVxXm6bSyrUuErEb+4sYVGCzASBRot7zyrow==
  dependencies:
    buffer-alloc-unsafe "^1.1.0"
    buffer-fill "^1.0.0"

buffer-equal-constant-time@1.0.1:
  version "1.0.1"
  resolved "https://registry.npmjs.org/buffer-equal-constant-time/-/buffer-equal-constant-time-1.0.1.tgz"
  integrity sha512-zRpUiDwd/xk6ADqPMATG8vc9VPrkck7T07OIx0gnjmJAnHnTVXNQG3vfvWNuiZIkwu9KrKdA1iJKfsfTVxE6NA==

buffer-fill@^1.0.0:
  version "1.0.0"
  resolved "https://registry.npmjs.org/buffer-fill/-/buffer-fill-1.0.0.tgz"
  integrity sha512-T7zexNBwiiaCOGDg9xNX9PBmjrubblRkENuptryuI64URkXDFum9il/JGL8Lm8wYfAXpredVXXZz7eMHilimiQ==

buffer@4.9.1:
  version "4.9.1"
  resolved "https://registry.npmjs.org/buffer/-/buffer-4.9.1.tgz"
  integrity sha512-DNK4ruAqtyHaN8Zne7PkBTO+dD1Lr0YfTduMqlIyjvQIoztBkUxrvL+hKeLW8NXFKHOq/2upkxuoS9znQ9bW9A==
  dependencies:
    base64-js "^1.0.2"
    ieee754 "^1.1.4"
    isarray "^1.0.0"

call@3.x.x:
  version "3.0.4"
  resolved "https://registry.npmjs.org/call/-/call-3.0.4.tgz"
  integrity sha512-q+ndxbjijBZQUgQcoTBFI29s9t7RqosqUIqeWad82OHk5HJyIh5Qv8Gm6b9oFMamJWBuRKOFIuM5aH7Xr7KQJA==
  dependencies:
    boom "4.x.x"
    hoek "4.x.x"

catbox-memory@2.x.x:
  version "2.0.4"
  resolved "https://registry.npmjs.org/catbox-memory/-/catbox-memory-2.0.4.tgz"
  integrity sha512-PlVLh6M+Z+anAKHllMUkIIgs5f5nX5qMwz8gnUQykY+q6BI+fKTY511pYVhD7j8506XQPMFMtpyoS8TKbP1GYg==
  dependencies:
    hoek "4.x.x"

catbox@7.x.x:
  version "7.1.5"
  resolved "https://registry.npmjs.org/catbox/-/catbox-7.1.5.tgz"
  integrity sha512-4fui5lELzqZ+9cnaAP/BcqXTH6LvWLBRtFhJ0I4FfgfXiSaZcf6k9m9dqOyChiTxNYtvLk7ZMYSf7ahMq3bf5A==
  dependencies:
    boom "5.x.x"
    hoek "4.x.x"
    joi "10.x.x"

chai@^4.1.2:
  version "4.1.2"
  resolved "https://registry.npmjs.org/chai/-/chai-4.1.2.tgz"
  integrity sha512-YTHf80rJ8M5/cJoFKEV1y3PnexbGs0vSHjouRRU8gLM05Nc3Mqq9zor/P4SCqB/sgvKRLvya7wHLC1XQ9pTjgQ==
  dependencies:
    assertion-error "^1.0.1"
    check-error "^1.0.1"
    deep-eql "^3.0.0"
    get-func-name "^2.0.0"
    pathval "^1.0.0"
    type-detect "^4.0.0"

chalk@^1.1.3:
  version "1.1.3"
  resolved "https://registry.npmjs.org/chalk/-/chalk-1.1.3.tgz"
  integrity sha512-U3lRVLMSlsCfjqYPbLyVv11M9CPW4I728d6TCKMAOJueEeB9/8o+eSsMnxPJD+Q+K909sdESg7C+tIkoH6on1A==
  dependencies:
    ansi-styles "^2.2.1"
    escape-string-regexp "^1.0.2"
    has-ansi "^2.0.0"
    strip-ansi "^3.0.0"
    supports-color "^2.0.0"

check-error@^1.0.1:
  version "1.0.2"
  resolved "https://registry.npmjs.org/check-error/-/check-error-1.0.2.tgz"
  integrity sha512-BrgHpW9NURQgzoNyjfq0Wu6VFO6D7IZEmJNdtgNqpzGG8RuNFHt2jQxWlAs4HMe119chBnv+34syEZtc6IhLtA==

commander@2.11.0:
  version "2.11.0"
  resolved "https://registry.npmjs.org/commander/-/commander-2.11.0.tgz"
  integrity sha512-b0553uYA5YAEGgyYIGYROzKQ7X5RAqedkfjiZxwi0kL1g3bOaBNNZfYkzt/CL0umgD5wc9Jec2FbB98CjkMRvQ==

concat-map@0.0.1:
  version "0.0.1"
  resolved "https://registry.npmjs.org/concat-map/-/concat-map-0.0.1.tgz"
  integrity sha512-/Srv4dswyQNBfohGpz9o6Yb3Gz3SrUDqBH5rTuhGR7ahtlbYKnVxw2bCFMRljaA7EXHaXZ8wsHdodFvbkhKmqg==

content@3.x.x:
  version "3.0.7"
  resolved "https://registry.npmjs.org/content/-/content-3.0.7.tgz"
  integrity sha512-LXtnSnvE+Z1Cjpa3P9gh9kb396qV4MqpfwKy777BOSF8n6nw2vAi03tHNl0/XRqZUyzVzY/+nMXOZVnEapWzdg==
  dependencies:
    boom "5.x.x"

convert-source-map@^1.5.0:
  version "1.5.1"
  resolved "https://registry.npmjs.org/convert-source-map/-/convert-source-map-1.5.1.tgz"
  integrity sha512-LNHI/Ll1UqBTGhrR6vMhtVZmX4kjYdCJUjIM6Ydp7/oJ5w1C0MKrzELuUAmMlU0eKwBGx6PaO0TRZ/KDXAFTBg==

core-js@^2.4.0, core-js@^2.5.0:
  version "2.5.3"
  resolved "https://registry.npmjs.org/core-js/-/core-js-2.5.3.tgz"
  integrity sha512-1fhTiNuC8YWzCl567b1K2mQqRyHvQtRlEuNY31t837BFNd57oMvElJTsM5IrIooczeG/KvssBbJi2ZZASwyMIQ==

cryptiles@3.x.x:
  version "3.1.2"
  resolved "https://registry.npmjs.org/cryptiles/-/cryptiles-3.1.2.tgz"
  integrity sha512-XBDBQo47RxVcR5GNxNOI38Cac044AdfU60sJBGZsmWw5TDuG5BAby8W/soTp4SIKeCl37sCGwkbh9wGLEd0cLw==
  dependencies:
    boom "5.x.x"

debug@^2.6.8:
  version "2.6.9"
  resolved "https://registry.npmjs.org/debug/-/debug-2.6.9.tgz"
  integrity sha512-bC7ElrdJaJnPbAP+1EotYvqZsb3ecl5wi6Bfi6BJTUcNowp6cvspg0jXznRTKDjm/E7AdgFBVeAPVMNcKGsHMA==
  dependencies:
    ms "2.0.0"

debug@^4.3.4:
  version "4.3.4"
  resolved "https://registry.npmjs.org/debug/-/debug-4.3.4.tgz"
  integrity sha512-PRWFHuSU3eDtQJPvnNY7Jcket1j0t5OuOsFzPPzsekD52Zl8qUfFIPEiswXqIvHWGVHOgX+7G/vCNNhehwxfkQ==
  dependencies:
    ms "2.1.2"

debug@3.1.0:
  version "3.1.0"
  resolved "https://registry.npmjs.org/debug/-/debug-3.1.0.tgz"
  integrity sha512-OX8XqP7/1a9cqkxYw2yXss15f26NKWBpDXQd0/uK/KPqdQhxbPa994hnzjcE2VqQpDslf55723cKPUOGSmMY3g==
  dependencies:
    ms "2.0.0"

deep-eql@^3.0.0:
  version "3.0.1"
  resolved "https://registry.npmjs.org/deep-eql/-/deep-eql-3.0.1.tgz"
  integrity sha512-+QeIQyN5ZuO+3Uk5DYh6/1eKO0m0YmJFGNmFHGACpf1ClL1nmlV/p4gNgbl2pJGxgXb4faqo6UE+M5ACEMyVcw==
  dependencies:
    type-detect "^4.0.0"

detect-indent@^4.0.0:
  version "4.0.0"
  resolved "https://registry.npmjs.org/detect-indent/-/detect-indent-4.0.0.tgz"
  integrity sha512-BDKtmHlOzwI7iRuEkhzsnPoi5ypEhWAJB5RvHWe1kMr06js3uK5B3734i3ui5Yd+wOJV1cpE4JnivPD283GU/A==
  dependencies:
    repeating "^2.0.0"

diff@3.5.0:
  version "3.5.0"
  resolved "https://registry.npmjs.org/diff/-/diff-3.5.0.tgz"
  integrity sha512-A46qtFgd+g7pDZinpnwiRJtxbC1hpgf0uzP3iG89scHk0AUC7A1TGxf5OiiOUv/JMZR8GOt8hL900hV0bOy5xA==

dotenv@^16.3.1:
  version "16.3.1"
  resolved "https://registry.npmjs.org/dotenv/-/dotenv-16.3.1.tgz"
  integrity sha512-IPzF4w4/Rd94bA9imS68tZBaYyBWSCE47V1RGuMrB94iyTOIEwRmVL2x/4An+6mETpLrKJ5hQkB8W4kFAadeIQ==

dynamodb-localhost@^0.0.5:
  version "0.0.5"
  resolved "https://registry.npmjs.org/dynamodb-localhost/-/dynamodb-localhost-0.0.5.tgz"
  integrity sha512-txKsTo2h6cLy2dZf8fOFzTv7u7PImEsSFFtBPVFqBISzKojMhWcKUhHDjC+vwUSZGDwhDpsZcjgQcAth1UZCSw==
  dependencies:
    mkdirp "^0.5.0"
    progress "^1.1.8"
    rmdir "^1.2.0"
    tar "^2.0.0"

ecdsa-sig-formatter@1.0.9:
  version "1.0.9"
  resolved "https://registry.npmjs.org/ecdsa-sig-formatter/-/ecdsa-sig-formatter-1.0.9.tgz"
  integrity sha512-J/mTMRuaEY85fUpQmLRXBg3tOk1zshbIIazSoUzdpjdD7hdiYKR/VpiL6JNWbuSjbSYdugmgBv8m/O1kK0CQRw==
  dependencies:
    base64url "^2.0.0"
    safe-buffer "^5.0.1"

escape-string-regexp@^1.0.2, escape-string-regexp@1.0.5:
  version "1.0.5"
  resolved "https://registry.npmjs.org/escape-string-regexp/-/escape-string-regexp-1.0.5.tgz"
  integrity sha512-vbRorB5FUQWvla16U8R/qgaFIya2qGzwDrNmCZuYKrbdSUMG6I1ZCGQRefkRVhuOkIGVne7BQ35DSfo1qvJqFg==

esutils@^2.0.2:
  version "2.0.2"
  resolved "https://registry.npmjs.org/esutils/-/esutils-2.0.2.tgz"
  integrity sha512-UUPPULqkyAV+M3Shodis7l8D+IyX6V8SbaBnTb449jf3fMTd8+UOZI1Q70NbZVOQkcR91yYgdHsJiMMMVmYshg==

event-target-shim@^5.0.0:
  version "5.0.1"
  resolved "https://registry.npmjs.org/event-target-shim/-/event-target-shim-5.0.1.tgz"
  integrity sha512-i/2XbnSz/uxRCU6+NdVJgKWDTM427+MqYbkQzD321DuCQJUqOuJKIA0IM2+W2xtYHdKOmZ4dR6fExsd4SXL+WQ==

events@^1.1.1:
  version "1.1.1"
  resolved "https://registry.npmjs.org/events/-/events-1.1.1.tgz"
  integrity sha512-kEcvvCBByWXGnZy6JUlgAp2gBIUjfCAV6P6TgT1/aaQKcmuAEC4OZTV1I4EWQLz2gxZw76atuVyvHhTxvi0Flw==

fs.realpath@^1.0.0:
  version "1.0.0"
  resolved "https://registry.npmjs.org/fs.realpath/-/fs.realpath-1.0.0.tgz"
  integrity sha512-OO0pH2lK6a0hZnAdau5ItzHPI6pUlvI7jMVnxUQRtw4owF2wk8lOSabtGDCTP4Ggrg2MbGnWO9X8K1t4+fGMDw==

fstream@^1.0.2:
  version "1.0.11"
  resolved "https://registry.npmjs.org/fstream/-/fstream-1.0.11.tgz"
  integrity sha512-2Xg8XA70uvyriqd1J6T/6V74WeQWHCn65hTSAWcZgKCOCo7nN6hoqgFrYPLJ9Yzbryrp/VIruHXsDyZIqZ1SvQ==
  dependencies:
    graceful-fs "^4.1.2"
    inherits "~2.0.0"
    mkdirp ">=0.5 0"
    rimraf "2"

get-func-name@^2.0.0:
  version "2.0.0"
  resolved "https://registry.npmjs.org/get-func-name/-/get-func-name-2.0.0.tgz"
  integrity sha512-Hm0ixYtaSZ/V7C8FJrtZIuBBI+iSgL+1Aq82zSu8VQNB4S3Gk8e7Qs3VwBDJAhmRZcFqkl3tQu36g/Foh5I5ig==

glob@^7.0.5, glob@7.1.2:
  version "7.1.2"
  resolved "https://registry.npmjs.org/glob/-/glob-7.1.2.tgz"
  integrity sha512-MJTUg1kjuLeQCJ+ccE4Vpa6kKVXkPYJ2mOCQyUuKLcLQsdrMCpBPUi8qVE6+YuaJkozeA9NusTAw3hLr8Xe5EQ==
  dependencies:
    fs.realpath "^1.0.0"
    inflight "^1.0.4"
    inherits "2"
    minimatch "^3.0.4"
    once "^1.3.0"
    path-is-absolute "^1.0.0"

globals@^9.18.0:
  version "9.18.0"
  resolved "https://registry.npmjs.org/globals/-/globals-9.18.0.tgz"
  integrity sha512-S0nG3CLEQiY/ILxqtztTWH/3iRRdyBLw6KMDxnKMchrtbj2OFmehVh0WUCfW3DUrIgx/qFrJPICrq4Z4sTR9UQ==

graceful-fs@^4.1.2:
  version "4.1.11"
  resolved "https://registry.npmjs.org/graceful-fs/-/graceful-fs-4.1.11.tgz"
  integrity sha512-9x6DLUuW+ROFdMTII9ec9t/FK8va6kYcC8/LggumssLM8kNv7IdFl3VrNUqgir2tJuBVxBga1QBoRziZacO5Zg==

growl@1.10.3:
  version "1.10.3"
  resolved "https://registry.npmjs.org/growl/-/growl-1.10.3.tgz"
  integrity sha512-hKlsbA5Vu3xsh1Cg3J7jSmX/WaW6A5oBeqzM88oNbCRQFz+zUaXm6yxS4RVytp1scBoJzSYl4YAEOQIt6O8V1Q==

h2o2@^5.4.0:
  version "5.4.0"
  resolved "https://registry.npmjs.org/h2o2/-/h2o2-5.4.0.tgz"
  integrity sha512-oRFF3/mhRSImZvQRWO94qS12D2Tzky9JC+3wa1djdcKPWkDMNOfo8BNqKZMQIBiVsyR5o0XZqTxNVzi1hwHFKQ==
  dependencies:
    boom "3.X.X"
    hoek "4.X.X"
    joi "9.X.X"
    wreck "9.X.X"

hapi-cors-headers@^1.0.0:
  version "1.0.3"
  resolved "https://registry.npmjs.org/hapi-cors-headers/-/hapi-cors-headers-1.0.3.tgz"
  integrity sha512-U/y+kpVLUJ0y86fEk8yleou9C1T5wFopcWQjuxKdMXzCcymTjfSqGz59waqvngUs1SbeXav/y8Ga9C0G0L1MGg==

hapi@14.2.0:
  version "14.2.0"
  resolved "https://registry.npmjs.org/hapi/-/hapi-14.2.0.tgz"
  integrity sha512-IOrTSkCeVBT5apYHJ3ELtRPNU007m2lLM6kzRNDocR6iAgQtwSxAL0SsdmGh4hq2dMKfgBBooj84kpMRVBXw3w==
  dependencies:
    accept "2.x.x"
    ammo "2.x.x"
    boom "3.x.x"
    call "3.x.x"
    catbox "7.x.x"
    catbox-memory "2.x.x"
    cryptiles "3.x.x"
    heavy "4.x.x"
    hoek "4.x.x"
    iron "4.x.x"
    items "2.x.x"
    joi "9.x.x"
    kilt "2.x.x"
    mimos "3.x.x"
    peekaboo "2.x.x"
    shot "3.x.x"
    statehood "4.x.x"
    subtext "4.x.x"
    topo "2.x.x"

has-ansi@^2.0.0:
  version "2.0.0"
  resolved "https://registry.npmjs.org/has-ansi/-/has-ansi-2.0.0.tgz"
  integrity sha512-C8vBJ8DwUCx19vhm7urhTuUsr4/IyP6l4VzNQDv+ryHQObW3TTTp9yB68WpYgRe2bbaGuZ/se74IqFeVnMnLZg==
  dependencies:
    ansi-regex "^2.0.0"

has-flag@^2.0.0:
  version "2.0.0"
  resolved "https://registry.npmjs.org/has-flag/-/has-flag-2.0.0.tgz"
  integrity sha512-P+1n3MnwjR/Epg9BBo1KT8qbye2g2Ou4sFumihwt6I4tsUX7jnLcX4BTOSKg/B1ZrIYMN9FcEnG4x5a7NB8Eng==

he@1.1.1:
  version "1.1.1"
  resolved "https://registry.npmjs.org/he/-/he-1.1.1.tgz"
  integrity sha512-z/GDPjlRMNOa2XJiB4em8wJpuuBfrFOlYKTZxtpkdr1uPdibHI8rYA3MY0KDObpVyaes0e/aunid/t88ZI2EKA==

heavy@4.x.x:
  version "4.0.4"
  resolved "https://registry.npmjs.org/heavy/-/heavy-4.0.4.tgz"
  integrity sha512-8JYatUE+yVxhld/9C+AszeLr0Wh2hGHRkPyyl+xakVLF7Ev1SsH1Kp1iNl06C8LrMlwYBholBqW2URQCn39zuw==
  dependencies:
    boom "5.x.x"
    hoek "4.x.x"
    joi "10.x.x"

hoek@2.x.x:
  version "2.16.3"
  resolved "https://registry.npmjs.org/hoek/-/hoek-2.16.3.tgz"
  integrity sha512-V6Yw1rIcYV/4JsnggjBU0l4Kr+EXhpwqXRusENU1Xx6ro00IHPHYNynCuBTOZAPlr3AAmLvchH9I7N/VUdvOwQ==

hoek@4.x.x, hoek@4.X.X:
  version "4.2.1"
  resolved "https://registry.npmjs.org/hoek/-/hoek-4.2.1.tgz"
  integrity sha512-QLg82fGkfnJ/4iy1xZ81/9SIJiq1NGFUMGs6ParyjBZr6jW2Ufj/snDqTHixNlHdPNwN2RLVD0Pi3igeK9+JfA==

home-or-tmp@^2.0.0:
  version "2.0.0"
  resolved "https://registry.npmjs.org/home-or-tmp/-/home-or-tmp-2.0.0.tgz"
  integrity sha512-ycURW7oUxE2sNiPVw1HVEFsW+ecOpJ5zaj7eC0RlwhibhRBod20muUN8qu/gzx956YrLolVvs1MTXwKgC2rVEg==
  dependencies:
    os-homedir "^1.0.0"
    os-tmpdir "^1.0.1"

ieee754@^1.1.4:
  version "1.1.8"
  resolved "https://registry.npmjs.org/ieee754/-/ieee754-1.1.8.tgz"
  integrity sha512-/aoyv2Nt7mGLnCAWzE0C1WH9Xd8ZsqR0f4Pjwxputi1JNm01+InyAYQotF4N+ulEIjbEsJo22NOHr+U/XEZ1Pw==

inflight@^1.0.4:
  version "1.0.6"
  resolved "https://registry.npmjs.org/inflight/-/inflight-1.0.6.tgz"
  integrity sha512-k92I/b08q4wvFscXCLvqfsHCrjrF7yiXsQuIVvVE7N82W3+aqpzuUdBbfhWcy/FZR3/4IgflMgKLOsvPDrGCJA==
  dependencies:
    once "^1.3.0"
    wrappy "1"

inherits@~2.0.0, inherits@2:
  version "2.0.3"
  resolved "https://registry.npmjs.org/inherits/-/inherits-2.0.3.tgz"
  integrity sha512-x00IRNXNy63jwGkJmzPigoySHbaqpNuzKbBOmzK+g2OdZpQ9w+sxCN+VSB3ja7IAge2OP2qpfxTjeNcyjmW1uw==

invariant@^2.2.2:
  version "2.2.3"
  resolved "https://registry.npmjs.org/invariant/-/invariant-2.2.3.tgz"
  integrity sha512-7Z5PPegwDTyjbaeCnV0efcyS6vdKAU51kpEmS7QFib3P4822l8ICYyMn7qvJnc+WzLoDsuI9gPMKbJ8pCu8XtA==
  dependencies:
    loose-envify "^1.0.0"

iron@4.x.x:
  version "4.0.5"
  resolved "https://registry.npmjs.org/iron/-/iron-4.0.5.tgz"
  integrity sha512-rWkobJjk5IYW5AYR6LkxtmnGF8BzOqdm/mQMP4PNi35unXVxKa4v1TgpleyYRpKuBj0cTQUPQLufLyWKnE5hhw==
  dependencies:
    boom "5.x.x"
    cryptiles "3.x.x"
    hoek "4.x.x"

is-finite@^1.0.0:
  version "1.0.2"
  resolved "https://registry.npmjs.org/is-finite/-/is-finite-1.0.2.tgz"
  integrity sha512-e+gU0KGrlbqjEcV80SAqg4g7PQYOm3/IrdwAJ+kPwHqGhLKhtuTJGGxGtrsc8RXlHt2A8Vlnv+79Vq2B1GQasg==
  dependencies:
    number-is-nan "^1.0.0"

is@~0.2.6:
  version "0.2.7"
  resolved "https://registry.npmjs.org/is/-/is-0.2.7.tgz"
  integrity sha512-ajQCouIvkcSnl2iRdK70Jug9mohIHVX9uKpoWnl115ov0R5mzBvRrXxrnHbsA+8AdwCwc/sfw7HXmd4I5EJBdQ==

isarray@^1.0.0:
  version "1.0.0"
  resolved "https://registry.npmjs.org/isarray/-/isarray-1.0.0.tgz"
  integrity sha512-VLghIWNM6ELQzo7zwmcg0NmTVyWKYjvIeM83yjp0wRDTmUnrM678fQbcKBo6n2CJEF0szoG//ytg+TKla89ALQ==

isemail@1.x.x:
  version "1.2.0"
  resolved "https://registry.npmjs.org/isemail/-/isemail-1.2.0.tgz"
  integrity sha512-pZMb1rDrWRAPtVY92VCxWtF+1gExWrCnao+GL1EKHx6z19ovW+xNcnC1iNB7WkbSYWlyl3uwlaH5eaBx2s2crw==

isemail@2.x.x:
  version "2.2.1"
  resolved "https://registry.npmjs.org/isemail/-/isemail-2.2.1.tgz"
  integrity sha512-LPjFxaTatluwGAJlGe4FtRdzg0a9KlXrahHoHAR4HwRNf90Ttwi6sOQ9zj+EoCPmk9yyK+WFUqkm0imUo8UJbw==

items@2.x.x:
  version "2.1.1"
  resolved "https://registry.npmjs.org/items/-/items-2.1.1.tgz"
  integrity sha512-FostKmQF+keorBcI+TjGbPHOFdGI39hPqwySgth29nmPXxAdEybGv8vHhyjqQ9yE3vXBuYIXNXg9ozbUX7dH0A==

jmespath@0.15.0:
  version "0.15.0"
  resolved "https://registry.npmjs.org/jmespath/-/jmespath-0.15.0.tgz"
  integrity sha512-+kHj8HXArPfpPEKGLZ+kB5ONRTCiGQXo8RQYL0hH8t6pWXUBBK5KkkQmTNOwKK4LEsd0yTsgtjJVm4UBSZea4w==

joi@^6.10.1:
  version "6.10.1"
  resolved "https://registry.npmjs.org/joi/-/joi-6.10.1.tgz"
  integrity sha512-K6+OwGaWM1sBEu+XMbgC4zDmg6hnddS2DWiCVtjnhkcrzv+ejSfh7HGUsoxmWQkv6kHEsVFAywttfkpmIE2QwQ==
  dependencies:
    hoek "2.x.x"
    isemail "1.x.x"
    moment "2.x.x"
    topo "1.x.x"

joi@10.x.x:
  version "10.6.0"
  resolved "https://registry.npmjs.org/joi/-/joi-10.6.0.tgz"
  integrity sha512-hBF3LcqyAid+9X/pwg+eXjD2QBZI5eXnBFJYaAkH4SK3mp9QSRiiQnDYlmlz5pccMvnLcJRS4whhDOTCkmsAdQ==
  dependencies:
    hoek "4.x.x"
    isemail "2.x.x"
    items "2.x.x"
    topo "2.x.x"

joi@9.x.x, joi@9.X.X:
  version "9.2.0"
  resolved "https://registry.npmjs.org/joi/-/joi-9.2.0.tgz"
  integrity sha512-54NcYM0TISAuh6NbaC+Ue7v02jSADQm5Fm/1AITBzx4paoCyQPBFbMkZBKY/qa0JBuR6JzQY/XwHrY82fEUbpg==
  dependencies:
    hoek "4.x.x"
    isemail "2.x.x"
    items "2.x.x"
    moment "2.x.x"
    topo "2.x.x"

js-string-escape@^1.0.1:
  version "1.0.1"
  resolved "https://registry.npmjs.org/js-string-escape/-/js-string-escape-1.0.1.tgz"
  integrity sha512-Smw4xcfIQ5LVjAOuJCvN/zIodzA/BBSsluuoSykP+lUvScIi4U6RJLfwHet5cxFnCswUjISV8oAXaqaJDY3chg==

js-tokens@^3.0.0, js-tokens@^3.0.2:
  version "3.0.2"
  resolved "https://registry.npmjs.org/js-tokens/-/js-tokens-3.0.2.tgz"
  integrity sha512-RjTcuD4xjtthQkaWH7dFlH85L+QaVtSoOyGdZ3g6HFhS9dFNDfLyqgm2NFe2X6cQpeFmt0452FJjFG5UameExg==

jsesc@^1.3.0:
  version "1.3.0"
  resolved "https://registry.npmjs.org/jsesc/-/jsesc-1.3.0.tgz"
  integrity sha512-Mke0DA0QjUWuJlhsE0ZPPhYiJkRap642SmI/4ztCFaUs6V2AiH1sfecc+57NgaryfAA2VR3v6O+CSjC1jZJKOA==

json5@^0.5.1:
  version "0.5.1"
  resolved "https://registry.npmjs.org/json5/-/json5-0.5.1.tgz"
  integrity sha512-4xrs1aW+6N5DalkqSVA8fxh458CXvR99WU8WLKmq4v8eWAL86Xo3BVqyd3SkA9wEVjCMqyvvRRkshAdOnBp5rw==

jsonpath-plus@^0.16.0:
  version "0.16.0"
  resolved "https://registry.npmjs.org/jsonpath-plus/-/jsonpath-plus-0.16.0.tgz"
  integrity sha512-sOYWmTAfIGDZc469r9sxMcl/d398NEpDsCStnrstMoxA0YAk1EUDJi2KeN7Z1XuGRk6f8zfp6Bctb7Fh/T9y5Q==

jsonwebtoken@^7.4.3:
  version "7.4.3"
  resolved "https://registry.npmjs.org/jsonwebtoken/-/jsonwebtoken-7.4.3.tgz"
  integrity sha512-7WWGEZ+/xedHUHLDvSwvN7LbmLIEgOuBNQOBKvfX5zpLok5q6873aCR2zOuJ/DrORp/DlyYImz06nlNoRCWugw==
  dependencies:
    joi "^6.10.1"
    jws "^3.1.4"
    lodash.once "^4.0.0"
    ms "^2.0.0"
    xtend "^4.0.1"

jwa@^1.1.4:
  version "1.1.5"
  resolved "https://registry.npmjs.org/jwa/-/jwa-1.1.5.tgz"
  integrity sha512-wHWLbWf/tdQVgE5oRwPR6FTXHbZJ06k5h3HjYZWeuDEAHRHPf3RzJPA/tMQjFfSwlWnsDUAcVm/Bd/i+RpVFnQ==
  dependencies:
    base64url "2.0.0"
    buffer-equal-constant-time "1.0.1"
    ecdsa-sig-formatter "1.0.9"
    safe-buffer "^5.0.1"

jws@^3.1.4:
  version "3.1.4"
  resolved "https://registry.npmjs.org/jws/-/jws-3.1.4.tgz"
  integrity sha512-9b5xCA+0jei+IJP6rs33ecRBoYIh4vCn8M5wmmlzDIrh755b3UCqUlu9JwWLS+z4ykpI6zZqflAHy92b4HGNZw==
  dependencies:
    base64url "^2.0.0"
    jwa "^1.1.4"
    safe-buffer "^5.0.1"

kilt@2.x.x:
  version "2.0.2"
  resolved "https://registry.npmjs.org/kilt/-/kilt-2.0.2.tgz"
  integrity sha512-quebifoAo/W//XVzUPbHmNBZSxF/ntbYtdr8oYpEfvznmvO+wkR2rrFpGZUvgVdsvqjOvH6mdF0LSUp9qWCBkQ==
  dependencies:
    hoek "4.x.x"

lodash.once@^4.0.0:
  version "4.1.1"
  resolved "https://registry.npmjs.org/lodash.once/-/lodash.once-4.1.1.tgz"
  integrity sha512-Sb487aTOCr9drQVL8pIxOzVhafOjZN9UU54hiN8PU3uAiSV7lx1yYNpbNmex2PK6dSJoNTSJUUswT651yww3Mg==

lodash@^4.0.0, lodash@^4.17.0, lodash@^4.17.4:
  version "4.17.5"
  resolved "https://registry.npmjs.org/lodash/-/lodash-4.17.5.tgz"
  integrity sha512-svL3uiZf1RwhH+cWrfZn3A4+U58wbP0tGVTLQPbjplZxZ8ROD9VLuNgsRniTlLe7OlSqR79RUehXgpBW/s0IQw==

loose-envify@^1.0.0:
  version "1.3.1"
  resolved "https://registry.npmjs.org/loose-envify/-/loose-envify-1.3.1.tgz"
  integrity sha512-iG/U770U9HaHmy0u+fSyxSIclZ3d9WPFtGjV2drWW0SthBnQ1Fa/SCKIaGLAVwYzrBGEPx9gen047er+MCUgnQ==
  dependencies:
    js-tokens "^3.0.0"

mime-db@1.x.x:
  version "1.33.0"
  resolved "https://registry.npmjs.org/mime-db/-/mime-db-1.33.0.tgz"
  integrity sha512-BHJ/EKruNIqJf/QahvxwQZXKygOQ256myeN/Ew+THcAa5q+PjyTTMMeNQC4DZw5AwfvelsUrA6B67NKMqXDbzQ==

mimos@3.x.x:
  version "3.0.3"
  resolved "https://registry.npmjs.org/mimos/-/mimos-3.0.3.tgz"
  integrity sha512-BfYn3Kdlfii+Zr5P/1dvUDxCvy9qOeDzsKaoZ1ZbkfUqP001+OPdHsdWQ/ff4wbLGFWCsxrygX9macR2xc7CMg==
  dependencies:
    hoek "4.x.x"
    mime-db "1.x.x"

minimatch@^3.0.4:
  version "3.0.4"
  resolved "https://registry.npmjs.org/minimatch/-/minimatch-3.0.4.tgz"
  integrity sha512-yJHVQEhyqPLUTgt9B83PXu6W3rx4MvvHvSUvToogpwoGDOUQ+yDrR0HRot+yOCdCO7u4hX3pWft6kWBBcqh0UA==
  dependencies:
    brace-expansion "^1.1.7"

minimist@0.0.8:
  version "0.0.8"
  resolved "https://registry.npmjs.org/minimist/-/minimist-0.0.8.tgz"
  integrity sha512-miQKw5Hv4NS1Psg2517mV4e4dYNaO3++hjAvLOAzKqZ61rH8NS1SK+vbfBWZ5PY/Me/bEWhUwqMghEW5Fb9T7Q==

mkdirp@^0.5.0, mkdirp@^0.5.1, "mkdirp@>=0.5 0", mkdirp@0.5.1:
  version "0.5.1"
  resolved "https://registry.npmjs.org/mkdirp/-/mkdirp-0.5.1.tgz"
  integrity sha512-SknJC52obPfGQPnjIkXbmA6+5H15E+fR+E4iR2oQ3zzCLbd7/ONua69R/Gw7AgkTLsRG+r5fzksYwWe1AgTyWA==
  dependencies:
    minimist "0.0.8"

mocha@^5.0.4:
  version "5.0.4"
  resolved "https://registry.npmjs.org/mocha/-/mocha-5.0.4.tgz"
  integrity sha512-nMOpAPFosU1B4Ix1jdhx5e3q7XO55ic5a8cgYvW27CequcEY+BabS0kUVL1Cw1V5PuVHZWeNRWFLmEPexo79VA==
  dependencies:
    browser-stdout "1.3.1"
    commander "2.11.0"
    debug "3.1.0"
    diff "3.5.0"
    escape-string-regexp "1.0.5"
    glob "7.1.2"
    growl "1.10.3"
    he "1.1.1"
    mkdirp "0.5.1"
    supports-color "4.4.0"

moment@2.x.x:
  version "2.21.0"
  resolved "https://registry.npmjs.org/moment/-/moment-2.21.0.tgz"
  integrity sha512-TCZ36BjURTeFTM/CwRcViQlfkMvL1/vFISuNLO5GkcVm1+QHfbSiNqZuWeMFjj1/3+uAjXswgRk30j1kkLYJBQ==

mri@^1.2.0:
  version "1.2.0"
  resolved "https://registry.npmjs.org/mri/-/mri-1.2.0.tgz"
  integrity sha512-tzzskb3bG8LvYGFF/mDTpq3jpI6Q9wc3LEmBaghu+DdCssd1FakN7Bc0hVNmEyGq1bq3RgfkCb3cmQLpNPOroA==

ms@^2.0.0, ms@2.0.0:
  version "2.0.0"
  resolved "https://registry.npmjs.org/ms/-/ms-2.0.0.tgz"
  integrity sha512-Tpp60P6IUJDTuOq/5Z8cdskzJujfwqfOTkrwIwj7IRISpnkJnT6SyJ4PCPnGMoFjC9ddhal5KVIYtAt97ix05A==

ms@2.1.2:
  version "2.1.2"
  resolved "https://registry.npmjs.org/ms/-/ms-2.1.2.tgz"
  integrity sha512-sGkPx+VjMtmA6MX27oA4FBFELFCZZ4S4XqeGOXCv68tT+jb3vk/RyaKWP0PTKyWtmLSM0b+adUTEvbs1PEaH2w==

nigel@2.x.x:
  version "2.0.2"
  resolved "https://registry.npmjs.org/nigel/-/nigel-2.0.2.tgz"
  integrity sha512-KzIv9fdPY3z7mQu4Y3SVW/Y5nK1k+AUpwXCVnZYNn42a+abSnG0gXsrCT55sR/lt/9sYdV+e89JqFTfNpUBeWg==
  dependencies:
    hoek "4.x.x"
    vise "2.x.x"

node-fetch@^2.6.8:
  version "2.7.0"
  resolved "https://registry.npmjs.org/node-fetch/-/node-fetch-2.7.0.tgz"
  integrity sha512-c4FRfUm/dbcWZ7U+1Wq0AwCyFL+3nt2bEw05wfxSz+DWpWsitgmSgYmy2dQdWyKC1694ELPqMs/YzUSNozLt8A==
  dependencies:
    whatwg-url "^5.0.0"

node.extend@1.0.8:
  version "1.0.8"
  resolved "https://registry.npmjs.org/node.extend/-/node.extend-1.0.8.tgz"
  integrity sha512-yvo/DZY0kijlDF192KqLX59/Yz0S5eUrV0GnRcjsoRXVqCGt7EVK+ONq3ZlijJvH/z/447qJaOeTgOGfyFQNPA==
  dependencies:
    is "~0.2.6"
    object-keys "~0.4.0"

node.flow@1.2.3:
  version "1.2.3"
  resolved "https://registry.npmjs.org/node.flow/-/node.flow-1.2.3.tgz"
  integrity sha512-f6bmAiB6wte7YTVWn5rWpz7Fh9OFHMmj8FwNkI3XnwIHRbg7H3nVncr1Kz8DnGS3idUFpRQ8D6lsecUAvjlqKA==
  dependencies:
    node.extend "1.0.8"

number-is-nan@^1.0.0:
  version "1.0.1"
  resolved "https://registry.npmjs.org/number-is-nan/-/number-is-nan-1.0.1.tgz"
  integrity sha512-4jbtZXNAsfZbAHiiqjLPBiCl16dES1zI4Hpzzxw61Tk+loF+sBDBKx1ICKKKwIqQ7M0mFn1TmkN7euSncWgHiQ==

object-keys@~0.4.0:
  version "0.4.0"
  resolved "https://registry.npmjs.org/object-keys/-/object-keys-0.4.0.tgz"
  integrity sha512-ncrLw+X55z7bkl5PnUvHwFK9FcGuFYo9gtjws2XtSzL+aZ8tm830P60WJ0dSmFVaSalWieW5MD7kEdnXda9yJw==

once@^1.3.0:
  version "1.4.0"
  resolved "https://registry.npmjs.org/once/-/once-1.4.0.tgz"
  integrity sha512-lNaJgI+2Q5URQBkccEKHTQOPaXdUxnZZElQTZY0MFUAuaEqe1E+Nyvgdz/aIyNi6Z9MzO5dv1H8n58/GELp3+w==
  dependencies:
    wrappy "1"

os-homedir@^1.0.0:
  version "1.0.2"
  resolved "https://registry.npmjs.org/os-homedir/-/os-homedir-1.0.2.tgz"
  integrity sha512-B5JU3cabzk8c67mRRd3ECmROafjYMXbuzlwtqdM8IbS8ktlTix8aFGb2bAGKrSRIlnfKwovGUUr72JUPyOb6kQ==

os-tmpdir@^1.0.1:
  version "1.0.2"
  resolved "https://registry.npmjs.org/os-tmpdir/-/os-tmpdir-1.0.2.tgz"
  integrity sha512-D2FR03Vir7FIu45XBY20mTb+/ZSWB00sjU9jdQXt83gDrI4Ztz5Fs7/yy74g2N5SVQY4xY1qDr4rNddwYRVX0g==

p-timeout@^4.1.0:
  version "4.1.0"
  resolved "https://registry.npmjs.org/p-timeout/-/p-timeout-4.1.0.tgz"
  integrity sha512-+/wmHtzJuWii1sXn3HCuH/FTwGhrp4tmJTxSKJbfS+vkipci6osxXM5mY0jUiRzWKMTgUT8l7HFbeSwZAynqHw==

path-is-absolute@^1.0.0, path-is-absolute@^1.0.1:
  version "1.0.1"
  resolved "https://registry.npmjs.org/path-is-absolute/-/path-is-absolute-1.0.1.tgz"
  integrity sha512-AVbw3UJ2e9bq64vSaS9Am0fje1Pa8pbGqTTsmXfaIiMpnr5DlDhfJOuLj9Sf95ZPVDAUerDfEk88MPmPe7UCQg==

pathval@^1.0.0:
  version "1.1.0"
  resolved "https://registry.npmjs.org/pathval/-/pathval-1.1.0.tgz"
  integrity sha512-qZ181q3ICkag/+lv1X6frDUF84pqCm30qild3LGbD84n0AC75CYwnWsQRDlpz7zDkU5NVcmhHh4LjXK0goLYZA==

peekaboo@2.x.x:
  version "2.0.2"
  resolved "https://registry.npmjs.org/peekaboo/-/peekaboo-2.0.2.tgz"
  integrity sha512-03oANp8v4y8qy5PV5AxFYjxhCtcTdQcvep5QefkC1301mxM2hvTlHZTCwoNMiZWlv67bNw4AJYhaEd43qc31Zw==

pez@2.x.x:
  version "2.1.5"
  resolved "https://registry.npmjs.org/pez/-/pez-2.1.5.tgz"
  integrity sha512-XHZL8ZBoxZGrprJAG83pvzo7tJPKmyfJVeyW0NFi6e4+J7C92AjeliYZwElvtdakOg6cEvLtCTfnt3n9XnpEmg==
  dependencies:
    b64 "3.x.x"
    boom "5.x.x"
    content "3.x.x"
    hoek "4.x.x"
    nigel "2.x.x"

private@^0.1.7:
  version "0.1.8"
  resolved "https://registry.npmjs.org/private/-/private-0.1.8.tgz"
  integrity sha512-VvivMrbvd2nKkiG38qjULzlc+4Vx4wm/whI9pQD35YrARNnhxeiRktSOhSukRLFNlzg6Br/cJPet5J/u19r/mg==

progress@^1.1.8:
  version "1.1.8"
  resolved "https://registry.npmjs.org/progress/-/progress-1.1.8.tgz"
  integrity sha512-UdA8mJ4weIkUBO224tIarHzuHs4HuYiJvsuGT7j/SPQiUJVjYvNDBIPa0hAorduOfjGohB/qHWRa/lrrWX/mXw==

punycode@1.3.2:
  version "1.3.2"
  resolved "https://registry.npmjs.org/punycode/-/punycode-1.3.2.tgz"
  integrity sha512-RofWgt/7fL5wP1Y7fxE7/EmTLzQVnB0ycyibJ0OOHIlJqTNzglYFxVwETOcIoJqJmpDXJ9xImDv+Fq34F/d4Dw==

querystring@0.2.0:
  version "0.2.0"
  resolved "https://registry.npmjs.org/querystring/-/querystring-0.2.0.tgz"
  integrity sha512-X/xY82scca2tau62i9mDyU9K+I+djTMUsvwf7xnUX5GLvVzgJybOJf4Y6o9Zx3oJK/LSXg5tTZBjwzqVPaPO2g==

regenerator-runtime@^0.11.0:
  version "0.11.1"
  resolved "https://registry.npmjs.org/regenerator-runtime/-/regenerator-runtime-0.11.1.tgz"
  integrity sha512-MguG95oij0fC3QV3URf4V2SDYGJhJnJGqvIIgdECeODCT98wSWDAJ94SSuVpYQUoTcGUIL6L4yNB7j1DFFHSBg==

repeating@^2.0.0:
  version "2.0.1"
  resolved "https://registry.npmjs.org/repeating/-/repeating-2.0.1.tgz"
  integrity sha512-ZqtSMuVybkISo2OWvqvm7iHSWngvdaW3IpsT9/uP8v4gMi591LY6h35wdOfvQdWCKFWZWm2Y1Opp4kV7vQKT6A==
  dependencies:
    is-finite "^1.0.0"

rimraf@2:
  version "2.6.2"
  resolved "https://registry.npmjs.org/rimraf/-/rimraf-2.6.2.tgz"
  integrity sha512-lreewLK/BlghmxtfH36YYVg1i8IAce4TI7oao75I1g245+6BctqTVQiBP3YUJ9C6DQOXJmkYR9X9fCLtCOJc5w==
  dependencies:
    glob "^7.0.5"

rmdir@^1.2.0:
  version "1.2.0"
  resolved "https://registry.npmjs.org/rmdir/-/rmdir-1.2.0.tgz"
  integrity sha512-nzZwoUqCVv00Z1YiRxledUM6MBSR2/Ij9ny6QsMJDl9nOAdwWD+Ak7FnVjHIKITdBZ8oqWpa71TrpiFOPCoKPw==
  dependencies:
    node.flow "1.2.3"

safe-buffer@^5.0.1:
  version "5.1.1"
  resolved "https://registry.npmjs.org/safe-buffer/-/safe-buffer-5.1.1.tgz"
  integrity sha512-kKvNJn6Mm93gAczWVJg7wH+wGYWNrDHdWvpUmHyEsgCtIwwo3bqPtV4tR5tuPaUhTOo/kvhVwd8XwwOllGYkbg==

safe-compare@^1.1.4:
  version "1.1.4"
  resolved "https://registry.npmjs.org/safe-compare/-/safe-compare-1.1.4.tgz"
  integrity sha512-b9wZ986HHCo/HbKrRpBJb2kqXMK9CEWIE1egeEvZsYn69ay3kdfl9nG3RyOcR+jInTDf7a86WQ1d4VJX7goSSQ==
  dependencies:
    buffer-alloc "^1.2.0"

sandwich-stream@^2.0.2:
  version "2.0.2"
  resolved "https://registry.npmjs.org/sandwich-stream/-/sandwich-stream-2.0.2.tgz"
  integrity sha512-jLYV0DORrzY3xaz/S9ydJL6Iz7essZeAfnAavsJ+zsJGZ1MOnsS52yRjU3uF3pJa/lla7+wisp//fxOwOH8SKQ==

sax@>=0.6.0, sax@1.2.1:
  version "1.2.1"
  resolved "https://registry.npmjs.org/sax/-/sax-1.2.1.tgz"
  integrity sha512-8I2a3LovHTOpm7NV5yOyO8IHqgVsfK4+UuySrXU8YXkSRX7k6hCV9b3HrkKCr3nMpgj+0bmocaJJWpvp1oc7ZA==

serverless-dynamodb-local@^0.2.28:
  version "0.2.28"
  resolved "https://registry.npmjs.org/serverless-dynamodb-local/-/serverless-dynamodb-local-0.2.28.tgz"
  integrity sha512-Vo9qVJx+N4knHpg+g1M4LvegxN9XanpTcvJWlhYGcVhLah9ZPesL2DLwGpzxVwLAJPhvoR9hbpROMXdWxa0Hbg==
  dependencies:
    aws-sdk "^2.7.0"
    bluebird "^3.4.6"
    dynamodb-localhost "^0.0.5"
    lodash "^4.17.0"

serverless-offline@^3.18.0:
  version "3.18.0"
  resolved "https://registry.npmjs.org/serverless-offline/-/serverless-offline-3.18.0.tgz"
  integrity sha512-uUqThFRpHFhP5UVbs/VKMCKm9gHU276iq+FFBhSjqFBqTF1cp+qvpcAFu/HpdLpt+ahjqI/PtG9MXaU02jJYbA==
  dependencies:
    babel-register "^6.18.0"
    boom "^4.2.0"
    h2o2 "^5.4.0"
    hapi "14.2.0"
    hapi-cors-headers "^1.0.0"
    js-string-escape "^1.0.1"
    jsonpath-plus "^0.16.0"
    jsonwebtoken "^7.4.3"
    lodash "^4.17.4"
    velocityjs "^0.9.3"

shot@3.x.x:
  version "3.4.2"
  resolved "https://registry.npmjs.org/shot/-/shot-3.4.2.tgz"
  integrity sha512-d/mcXYzS+5mKp6VRIiQlGM+2QcX1Gb1tRAO52o9MmVSSMmv+IO0UUBa+FFU+QaeOgnkv1z3c9VsjwO9ZEdOJUA==
  dependencies:
    hoek "4.x.x"
    joi "10.x.x"

slash@^1.0.0:
  version "1.0.0"
  resolved "https://registry.npmjs.org/slash/-/slash-1.0.0.tgz"
  integrity sha512-3TYDR7xWt4dIqV2JauJr+EJeW356RXijHeUlO+8djJ+uBXPn8/2dpzBc8yQhh583sVvc9CvFAeQVgijsH+PNNg==

source-map-support@^0.4.15:
  version "0.4.18"
  resolved "https://registry.npmjs.org/source-map-support/-/source-map-support-0.4.18.tgz"
  integrity sha512-try0/JqxPLF9nOjvSta7tVondkP5dwgyLDjVoyMDlmjugT2lRZ1OfsrYTkCd2hkDnJTKRbO/Rl3orm8vlsUzbA==
  dependencies:
    source-map "^0.5.6"

source-map@^0.5.6, source-map@^0.5.7:
  version "0.5.7"
  resolved "https://registry.npmjs.org/source-map/-/source-map-0.5.7.tgz"
  integrity sha512-LbrmJOMUSdEVxIKvdcJzQC+nQhe8FUZQTXQy6+I75skNgn3OoQ0DZA8YnFa7gp8tqtL3KPf1kmo0R5DoApeSGQ==

statehood@4.x.x:
  version "4.1.0"
  resolved "https://registry.npmjs.org/statehood/-/statehood-4.1.0.tgz"
  integrity sha512-WrW2KvJtfYbZlQbdFINKjlXO18ldt6efS6D6dVeqgOBufz3gK1jV2W1p6kUh5fohgF/0MKDPxdBam2R3X4Y/Ww==
  dependencies:
    boom "3.x.x"
    cryptiles "3.x.x"
    hoek "4.x.x"
    iron "4.x.x"
    items "2.x.x"
    joi "9.x.x"

strip-ansi@^3.0.0:
  version "3.0.1"
  resolved "https://registry.npmjs.org/strip-ansi/-/strip-ansi-3.0.1.tgz"
  integrity sha512-VhumSSbBqDTP8p2ZLKj40UjBCV4+v8bUSEpUb4KjRgWk9pbqGF4REFj6KEagidb2f/M6AzC0EmFyDNGaw9OCzg==
  dependencies:
    ansi-regex "^2.0.0"

subtext@4.x.x:
  version "4.4.1"
  resolved "https://registry.npmjs.org/subtext/-/subtext-4.4.1.tgz"
  integrity sha512-UXWJow/6uZb8YdSW5XkV6vf27/zyhB/FQQponRtDjRBvLj52xpLvouAqCGRoKjgclZew5vmhu3TjF5mGOi8sKg==
  dependencies:
    boom "5.x.x"
    content "3.x.x"
    hoek "4.x.x"
    pez "2.x.x"
    wreck "12.x.x"

supports-color@^2.0.0:
  version "2.0.0"
  resolved "https://registry.npmjs.org/supports-color/-/supports-color-2.0.0.tgz"
  integrity sha512-KKNVtd6pCYgPIKU4cp2733HWYCpplQhddZLBUryaAHou723x+FRzQ5Df824Fj+IyyuiQTRoub4SnIFfIcrp70g==

supports-color@4.4.0:
  version "4.4.0"
  resolved "https://registry.npmjs.org/supports-color/-/supports-color-4.4.0.tgz"
  integrity sha512-rKC3+DyXWgK0ZLKwmRsrkyHVZAjNkfzeehuFWdGGcqGDTZFH73+RH6S/RDAAxl9GusSjZSUWYLmT9N5pzXFOXQ==
  dependencies:
    has-flag "^2.0.0"

tar@^2.0.0:
  version "2.2.1"
  resolved "https://registry.npmjs.org/tar/-/tar-2.2.1.tgz"
  integrity sha512-2Tw2uNtZqQTSHTIMbKHKFeAPmKcljrNKqKiIN7pu3V/CxYqRgS8DLXvMkFRrbtXlg6mTOQcuTX7DMj18Xi0dtg==
  dependencies:
    block-stream "*"
    fstream "^1.0.2"
    inherits "2"

telegraf@^4.15.3:
  version "4.15.3"
  resolved "https://registry.npmjs.org/telegraf/-/telegraf-4.15.3.tgz"
  integrity sha512-pm2ZQAisd0YlUvnq6xdymDfoQR++8wTalw0nfw7Tjy0va+V/0HaBLzM8kMNid8pbbt7GHTU29lEyA5CAAr8AqA==
  dependencies:
    "@telegraf/types" "^6.9.1"
    abort-controller "^3.0.0"
    debug "^4.3.4"
    mri "^1.2.0"
    node-fetch "^2.6.8"
    p-timeout "^4.1.0"
    safe-compare "^1.1.4"
    sandwich-stream "^2.0.2"

to-fast-properties@^1.0.3:
  version "1.0.3"
  resolved "https://registry.npmjs.org/to-fast-properties/-/to-fast-properties-1.0.3.tgz"
  integrity sha512-lxrWP8ejsq+7E3nNjwYmUBMAgjMTZoTI+sdBOpvNyijeDLa29LUn9QaoXAHv4+Z578hbmHHJKZknzxVtvo77og==

topo@1.x.x:
  version "1.1.0"
  resolved "https://registry.npmjs.org/topo/-/topo-1.1.0.tgz"
  integrity sha512-vpmONxdZoD0R3hzH0lovwv8QmsqZmGCDE1wXW9YGD/reiDOAbPKEgRDlBCAt8u8nJhav/s/I+r+1gvdpA11x7Q==
  dependencies:
    hoek "2.x.x"

topo@2.x.x:
  version "2.0.2"
  resolved "https://registry.npmjs.org/topo/-/topo-2.0.2.tgz"
  integrity sha512-QMfJ9TC5lKcmLZImOZ/BTSWJeVbay7XK2nlzvFALW3BA5OkvBnbs0poku4EsRpDMndDVnM58EU/8D3ZcoVehWg==
  dependencies:
    hoek "4.x.x"

tr46@~0.0.3:
  version "0.0.3"
  resolved "https://registry.npmjs.org/tr46/-/tr46-0.0.3.tgz"
  integrity sha512-N3WMsuqV66lT30CrXNbEjx4GEwlow3v6rr4mCcv6prnfwhS01rkgyFdjPNBYd9br7LpXV1+Emh01fHnq2Gdgrw==

trim-right@^1.0.1:
  version "1.0.1"
  resolved "https://registry.npmjs.org/trim-right/-/trim-right-1.0.1.tgz"
  integrity sha512-WZGXGstmCWgeevgTL54hrCuw1dyMQIzWy7ZfqRJfSmJZBwklI15egmQytFP6bPidmw3M8d5yEowl1niq4vmqZw==

type-detect@^4.0.0:
  version "4.0.8"
  resolved "https://registry.npmjs.org/type-detect/-/type-detect-4.0.8.tgz"
  integrity sha512-0fr/mIH1dlO+x7TlcMy+bIDqKPsw/70tVyeHW787goQjhmqaZe10uwLujubK9q9Lg6Fiho1KUKDYz0Z7k7g5/g==

url@0.10.3:
  version "0.10.3"
  resolved "https://registry.npmjs.org/url/-/url-0.10.3.tgz"
  integrity sha512-hzSUW2q06EqL1gKM/a+obYHLIO6ct2hwPuviqTTOcfFVc61UbfJ2Q32+uGL/HCPxKqrdGB5QUwIe7UqlDgwsOQ==
  dependencies:
    punycode "1.3.2"
    querystring "0.2.0"

uuid@3.1.0:
  version "3.1.0"
  resolved "https://registry.npmjs.org/uuid/-/uuid-3.1.0.tgz"
  integrity sha512-DIWtzUkw04M4k3bf1IcpS2tngXEL26YUD2M0tMDUpnUrz2hgzUBlD55a4FjdLGPvfHxS6uluGWvaVEqgBcVa+g==

velocityjs@^0.9.3:
  version "0.9.6"
  resolved "https://registry.npmjs.org/velocityjs/-/velocityjs-0.9.6.tgz"
  integrity sha512-qWKRbOvkJCkwPxuQb7fUbvBcFbg8ejajqTcehYQQ4axS7Zbk7Z1LMoDQAzAzTlz9Ml8eXY6soimhyNqL1FqNPg==

vise@2.x.x:
  version "2.0.2"
  resolved "https://registry.npmjs.org/vise/-/vise-2.0.2.tgz"
  integrity sha512-CqqBsJC+eoqmYggmN9BEXg2xHju1fC0laeaEDDfIt7QxOtgKoXere+BuKqpmNrNmRUQMdjlgQU9ng9QAnDSvpA==
  dependencies:
    hoek "4.x.x"

webidl-conversions@^3.0.0:
  version "3.0.1"
  resolved "https://registry.npmjs.org/webidl-conversions/-/webidl-conversions-3.0.1.tgz"
  integrity sha512-2JAn3z8AR6rjK8Sm8orRC0h/bcl/DqL7tRPdGZ4I1CjdF+EaMLmYxBHyXuKL849eucPFhvBoxMsflfOb8kxaeQ==

whatwg-url@^5.0.0:
  version "5.0.0"
  resolved "https://registry.npmjs.org/whatwg-url/-/whatwg-url-5.0.0.tgz"
  integrity sha512-saE57nupxk6v3HY35+jzBwYa0rKSy0XR8JSxZPwgLr7ys0IBzhGviA1/TUGJLmSVqs8pb9AnvICXEuOHLprYTw==
  dependencies:
    tr46 "~0.0.3"
    webidl-conversions "^3.0.0"

wrappy@1:
  version "1.0.2"
  resolved "https://registry.npmjs.org/wrappy/-/wrappy-1.0.2.tgz"
  integrity sha512-l4Sp/DRseor9wL6EvV2+TuQn63dMkPjZ/sp9XkghTEbV9KlPS1xUsZ3u7/IQO4wxtcFB4bgpQPRcR3QCvezPcQ==

wreck@12.x.x:
  version "12.5.1"
  resolved "https://registry.npmjs.org/wreck/-/wreck-12.5.1.tgz"
  integrity sha512-l5DUGrc+yDyIflpty1x9XuMj1ehVjC/dTbF3/BasOO77xk0EdEa4M/DuOY8W88MQDAD0fEDqyjc8bkIMHd2E9A==
  dependencies:
    boom "5.x.x"
    hoek "4.x.x"

wreck@9.X.X:
  version "9.0.0"
  resolved "https://registry.npmjs.org/wreck/-/wreck-9.0.0.tgz"
  integrity sha512-scanQ8otrrigqder3RFEAmjAwSDSkPKn6faoQsw6FYpWPUPCvJs64wJolr3waNJibc0rRIHl217wVBS8dZLn4w==
  dependencies:
    boom "3.x.x"
    hoek "4.x.x"

xml2js@0.4.17:
  version "0.4.17"
  resolved "https://registry.npmjs.org/xml2js/-/xml2js-0.4.17.tgz"
  integrity sha512-1O7wk/NTQN0UEOItIYTxK4qP4sMUVU60MbF4Nj0a8jd6eebMXOicVI/KFOEsYKKH4uBpx6XG9ZGZctXK5rtO5Q==
  dependencies:
    sax ">=0.6.0"
    xmlbuilder "^4.1.0"

xmlbuilder@^4.1.0, xmlbuilder@4.2.1:
  version "4.2.1"
  resolved "https://registry.npmjs.org/xmlbuilder/-/xmlbuilder-4.2.1.tgz"
  integrity sha512-oEePiEefhQhAeUnwRnIBLBWmk/fsWWbQ53EEWsRuzECbQ3m5o/Esmq6H47CYYwSLW+Ynt0rS9hd0pd2ogMAWjg==
  dependencies:
    lodash "^4.0.0"

xtend@^4.0.1:
  version "4.0.1"
  resolved "https://registry.npmjs.org/xtend/-/xtend-4.0.1.tgz"
  integrity sha512-iTwvhNBRetXWe81+VcIw5YeadVSWyze7uA7nVnpP13ulrpnJ3UfQm5ApGnrkmxDJFdrblRdZs0EvaTCIfei5oQ==
